
Microsoft Visual Studio Solution File, Format Version 12.00
# Visual Studio Version 17
VisualStudioVersion = 17.10.34928.147
MinimumVisualStudioVersion = 10.0.40219.1
Project("{FAE04EC0-301F-11D3-BF4B-00C04F79EFBC}") = "Dynamic-Personal-Site", "Dynamic-Personal-Site\Dynamic-Personal-Site.csproj", "{EB56141C-D400-4289-B6A8-E58A0CF73E9B}"
EndProject
Global
	GlobalSection(SolutionConfigurationPlatforms) = preSolution
		Debug|Any CPU = Debug|Any CPU
		Release|Any CPU = Release|Any CPU
	EndGlobalSection
	GlobalSection(ProjectConfigurationPlatforms) = postSolution
		{EB56141C-D400-4289-B6A8-E58A0CF73E9B}.Debug|Any CPU.ActiveCfg = Debug|Any CPU
		{EB56141C-D400-4289-B6A8-E58A0CF73E9B}.Debug|Any CPU.Build.0 = Debug|Any CPU
		{EB56141C-D400-4289-B6A8-E58A0CF73E9B}.Release|Any CPU.ActiveCfg = Release|Any CPU
		{EB56141C-D400-4289-B6A8-E58A0CF73E9B}.Release|Any CPU.Build.0 = Release|Any CPU
	EndGlobalSection
	GlobalSection(SolutionProperties) = preSolution
		HideSolutionNode = FALSE
	EndGlobalSection
	GlobalSection(ExtensibilityGlobals) = postSolution
		SolutionGuid = {3EEE887D-8C55-46E1-AAA7-49027C449702}
	EndGlobalSection
EndGlobal
